
Microsoft Visual Studio Solution File, Format Version 12.00
# Visual Studio Version 16
VisualStudioVersion = 16.0.29613.14
MinimumVisualStudioVersion = 10.0.40219.1
Project("{FAE04EC0-301F-11D3-BF4B-00C04F79EFBC}") = "Week 3 InClass Quiz", "Week 3 InClass Quiz\Week 3 InClass Quiz.csproj", "{96B5B576-7F3A-4AB5-8762-F3A323DA7B23}"
EndProject
Global
	GlobalSection(SolutionConfigurationPlatforms) = preSolution
		Debug|Any CPU = Debug|Any CPU
		Release|Any CPU = Release|Any CPU
	EndGlobalSection
	GlobalSection(ProjectConfigurationPlatforms) = postSolution
		{96B5B576-7F3A-4AB5-8762-F3A323DA7B23}.Debug|Any CPU.ActiveCfg = Debug|Any CPU
		{96B5B576-7F3A-4AB5-8762-F3A323DA7B23}.Debug|Any CPU.Build.0 = Debug|Any CPU
		{96B5B576-7F3A-4AB5-8762-F3A323DA7B23}.Release|Any CPU.ActiveCfg = Release|Any CPU
		{96B5B576-7F3A-4AB5-8762-F3A323DA7B23}.Release|Any CPU.Build.0 = Release|Any CPU
	EndGlobalSection
	GlobalSection(SolutionProperties) = preSolution
		HideSolutionNode = FALSE
	EndGlobalSection
	GlobalSection(ExtensibilityGlobals) = postSolution
		SolutionGuid = {206BB7C6-05B4-43AF-A732-3BF5F08F8084}
	EndGlobalSection
EndGlobal
