
Microsoft Visual Studio Solution File, Format Version 12.00
# Visual Studio Version 16
VisualStudioVersion = 16.0.29613.14
MinimumVisualStudioVersion = 10.0.40219.1
Project("{FAE04EC0-301F-11D3-BF4B-00C04F79EFBC}") = "EX 6A Manipulating Arrays", "EX 6A Manipulating Arrays\EX 6A Manipulating Arrays.csproj", "{3CEEAE6E-8DC7-4473-A7AF-F765842BE60E}"
EndProject
Global
	GlobalSection(SolutionConfigurationPlatforms) = preSolution
		Debug|Any CPU = Debug|Any CPU
		Release|Any CPU = Release|Any CPU
	EndGlobalSection
	GlobalSection(ProjectConfigurationPlatforms) = postSolution
		{3CEEAE6E-8DC7-4473-A7AF-F765842BE60E}.Debug|Any CPU.ActiveCfg = Debug|Any CPU
		{3CEEAE6E-8DC7-4473-A7AF-F765842BE60E}.Debug|Any CPU.Build.0 = Debug|Any CPU
		{3CEEAE6E-8DC7-4473-A7AF-F765842BE60E}.Release|Any CPU.ActiveCfg = Release|Any CPU
		{3CEEAE6E-8DC7-4473-A7AF-F765842BE60E}.Release|Any CPU.Build.0 = Release|Any CPU
	EndGlobalSection
	GlobalSection(SolutionProperties) = preSolution
		HideSolutionNode = FALSE
	EndGlobalSection
	GlobalSection(ExtensibilityGlobals) = postSolution
		SolutionGuid = {27E8C645-4190-4664-AC8A-00C1A0087455}
	EndGlobalSection
EndGlobal
