
Microsoft Visual Studio Solution File, Format Version 12.00
# Visual Studio Version 16
VisualStudioVersion = 16.0.29613.14
MinimumVisualStudioVersion = 10.0.40219.1
Project("{FAE04EC0-301F-11D3-BF4B-00C04F79EFBC}") = "EX2C", "EX2C\EX2C.csproj", "{84A2C582-5A8E-4959-9A8E-F687EFBC03ED}"
EndProject
Global
	GlobalSection(SolutionConfigurationPlatforms) = preSolution
		Debug|Any CPU = Debug|Any CPU
		Release|Any CPU = Release|Any CPU
	EndGlobalSection
	GlobalSection(ProjectConfigurationPlatforms) = postSolution
		{84A2C582-5A8E-4959-9A8E-F687EFBC03ED}.Debug|Any CPU.ActiveCfg = Debug|Any CPU
		{84A2C582-5A8E-4959-9A8E-F687EFBC03ED}.Debug|Any CPU.Build.0 = Debug|Any CPU
		{84A2C582-5A8E-4959-9A8E-F687EFBC03ED}.Release|Any CPU.ActiveCfg = Release|Any CPU
		{84A2C582-5A8E-4959-9A8E-F687EFBC03ED}.Release|Any CPU.Build.0 = Release|Any CPU
	EndGlobalSection
	GlobalSection(SolutionProperties) = preSolution
		HideSolutionNode = FALSE
	EndGlobalSection
	GlobalSection(ExtensibilityGlobals) = postSolution
		SolutionGuid = {1D1F8469-F1E7-4ADD-9241-F7B85FB0EEB9}
	EndGlobalSection
EndGlobal
