
Microsoft Visual Studio Solution File, Format Version 12.00
# Visual Studio Version 16
VisualStudioVersion = 16.0.29613.14
MinimumVisualStudioVersion = 10.0.40219.1
Project("{FAE04EC0-301F-11D3-BF4B-00C04F79EFBC}") = "EX 6C Inheritance Weapons", "EX 6C Inheritance Weapons\EX 6C Inheritance Weapons.csproj", "{6A094396-D0CF-4F51-AA54-79B7C83CC196}"
EndProject
Global
	GlobalSection(SolutionConfigurationPlatforms) = preSolution
		Debug|Any CPU = Debug|Any CPU
		Release|Any CPU = Release|Any CPU
	EndGlobalSection
	GlobalSection(ProjectConfigurationPlatforms) = postSolution
		{6A094396-D0CF-4F51-AA54-79B7C83CC196}.Debug|Any CPU.ActiveCfg = Debug|Any CPU
		{6A094396-D0CF-4F51-AA54-79B7C83CC196}.Debug|Any CPU.Build.0 = Debug|Any CPU
		{6A094396-D0CF-4F51-AA54-79B7C83CC196}.Release|Any CPU.ActiveCfg = Release|Any CPU
		{6A094396-D0CF-4F51-AA54-79B7C83CC196}.Release|Any CPU.Build.0 = Release|Any CPU
	EndGlobalSection
	GlobalSection(SolutionProperties) = preSolution
		HideSolutionNode = FALSE
	EndGlobalSection
	GlobalSection(ExtensibilityGlobals) = postSolution
		SolutionGuid = {BA023BCE-57EF-4403-84B0-076DB4ED3331}
	EndGlobalSection
EndGlobal
