
Microsoft Visual Studio Solution File, Format Version 12.00
# Visual Studio Version 16
VisualStudioVersion = 16.0.29613.14
MinimumVisualStudioVersion = 10.0.40219.1
Project("{FAE04EC0-301F-11D3-BF4B-00C04F79EFBC}") = "EX 4A Farm", "EX 4A Farm\EX 4A Farm.csproj", "{F7E86E12-8906-4E72-A112-59108F71C356}"
EndProject
Global
	GlobalSection(SolutionConfigurationPlatforms) = preSolution
		Debug|Any CPU = Debug|Any CPU
		Release|Any CPU = Release|Any CPU
	EndGlobalSection
	GlobalSection(ProjectConfigurationPlatforms) = postSolution
		{F7E86E12-8906-4E72-A112-59108F71C356}.Debug|Any CPU.ActiveCfg = Debug|Any CPU
		{F7E86E12-8906-4E72-A112-59108F71C356}.Debug|Any CPU.Build.0 = Debug|Any CPU
		{F7E86E12-8906-4E72-A112-59108F71C356}.Release|Any CPU.ActiveCfg = Release|Any CPU
		{F7E86E12-8906-4E72-A112-59108F71C356}.Release|Any CPU.Build.0 = Release|Any CPU
	EndGlobalSection
	GlobalSection(SolutionProperties) = preSolution
		HideSolutionNode = FALSE
	EndGlobalSection
	GlobalSection(ExtensibilityGlobals) = postSolution
		SolutionGuid = {A8616DDA-C6ED-4E6C-8CC1-ACBCD15F5C07}
	EndGlobalSection
EndGlobal
