
Microsoft Visual Studio Solution File, Format Version 12.00
# Visual Studio Version 16
VisualStudioVersion = 16.0.29613.14
MinimumVisualStudioVersion = 10.0.40219.1
Project("{FAE04EC0-301F-11D3-BF4B-00C04F79EFBC}") = "EX 2B", "EX 2B\EX 2B.csproj", "{28A6BEC2-E689-4AB2-88B8-9505DFB9E756}"
EndProject
Global
	GlobalSection(SolutionConfigurationPlatforms) = preSolution
		Debug|Any CPU = Debug|Any CPU
		Release|Any CPU = Release|Any CPU
	EndGlobalSection
	GlobalSection(ProjectConfigurationPlatforms) = postSolution
		{28A6BEC2-E689-4AB2-88B8-9505DFB9E756}.Debug|Any CPU.ActiveCfg = Debug|Any CPU
		{28A6BEC2-E689-4AB2-88B8-9505DFB9E756}.Debug|Any CPU.Build.0 = Debug|Any CPU
		{28A6BEC2-E689-4AB2-88B8-9505DFB9E756}.Release|Any CPU.ActiveCfg = Release|Any CPU
		{28A6BEC2-E689-4AB2-88B8-9505DFB9E756}.Release|Any CPU.Build.0 = Release|Any CPU
	EndGlobalSection
	GlobalSection(SolutionProperties) = preSolution
		HideSolutionNode = FALSE
	EndGlobalSection
	GlobalSection(ExtensibilityGlobals) = postSolution
		SolutionGuid = {A4E05408-1EC5-4FE1-8080-133FDCA212F5}
	EndGlobalSection
EndGlobal
